
Microsoft Visual Studio Solution File, Format Version 12.00
# Visual Studio Version 16
VisualStudioVersion = 16.0.30503.244
MinimumVisualStudioVersion = 10.0.40219.1
Project("{FAE04EC0-301F-11D3-BF4B-00C04F79EFBC}") = "BranchEval", "BranchEval\BranchEval.csproj", "{3A2CE874-13C3-4712-91E2-522E05675E27}"
EndProject
Project("{FAE04EC0-301F-11D3-BF4B-00C04F79EFBC}") = "BranchEval.Tests", "BranchEval.Tests\BranchEval.Tests.csproj", "{66B9DC21-616C-4746-9D72-BC05381A1252}"
EndProject
Global
	GlobalSection(SolutionConfigurationPlatforms) = preSolution
		Debug|Any CPU = Debug|Any CPU
		Release|Any CPU = Release|Any CPU
	EndGlobalSection
	GlobalSection(ProjectConfigurationPlatforms) = postSolution
		{3A2CE874-13C3-4712-91E2-522E05675E27}.Debug|Any CPU.ActiveCfg = Debug|Any CPU
		{3A2CE874-13C3-4712-91E2-522E05675E27}.Debug|Any CPU.Build.0 = Debug|Any CPU
		{3A2CE874-13C3-4712-91E2-522E05675E27}.Release|Any CPU.ActiveCfg = Release|Any CPU
		{3A2CE874-13C3-4712-91E2-522E05675E27}.Release|Any CPU.Build.0 = Release|Any CPU
		{66B9DC21-616C-4746-9D72-BC05381A1252}.Debug|Any CPU.ActiveCfg = Debug|Any CPU
		{66B9DC21-616C-4746-9D72-BC05381A1252}.Debug|Any CPU.Build.0 = Debug|Any CPU
		{66B9DC21-616C-4746-9D72-BC05381A1252}.Release|Any CPU.ActiveCfg = Release|Any CPU
		{66B9DC21-616C-4746-9D72-BC05381A1252}.Release|Any CPU.Build.0 = Release|Any CPU
	EndGlobalSection
	GlobalSection(SolutionProperties) = preSolution
		HideSolutionNode = FALSE
	EndGlobalSection
	GlobalSection(ExtensibilityGlobals) = postSolution
		SolutionGuid = {2A1B029F-1213-4717-84A5-E7ED3C9F2D15}
	EndGlobalSection
EndGlobal
